{
  "name": "5.0",
  "lockfileVersion": 2,
  "requires": true,
  "packages": {
    "": {
      "dependencies": {
        "types-registry": "^0.1.644"
      },
      "devDependencies": {
        "@types/node": "^20.1.4"
      }
    },
    "node_modules/@types/node": {
      "version": "20.1.4",
      "resolved": "https://registry.npmjs.org/@types/node/-/node-20.1.4.tgz",
      "integrity": "sha512-At4pvmIOki8yuwLtd7BNHl3CiWNbtclUbNtScGx4OHfBd4/oWoJC8KRCIxXwkdndzhxOsPXihrsOoydxBjlE9Q==",
      "dev": true
    },
    "node_modules/types-registry": {
      "version": "0.1.644",
      "resolved": "https://registry.npmjs.org/types-registry/-/types-registry-0.1.644.tgz",
      "integrity": "sha512-c22VCZ0OmZdKRYxamXI/Am8KbD0pTE9BNSijMxGxomNFziC027bqUSwWYzzye7uKKzSQgtN4hptLDnvVCTuaUA=="
    }
  },
  "dependencies": {
    "@types/node": {
      "version": "20.1.4",
      "resolved": "https://registry.npmjs.org/@types/node/-/node-20.1.4.tgz",
      "integrity": "sha512-At4pvmIOki8yuwLtd7BNHl3CiWNbtclUbNtScGx4OHfBd4/oWoJC8KRCIxXwkdndzhxOsPXihrsOoydxBjlE9Q==",
      "dev": true
    },
    "types-registry": {
      "version": "0.1.644",
      "resolved": "https://registry.npmjs.org/types-registry/-/types-registry-0.1.644.tgz",
      "integrity": "sha512-c22VCZ0OmZdKRYxamXI/Am8KbD0pTE9BNSijMxGxomNFziC027bqUSwWYzzye7uKKzSQgtN4hptLDnvVCTuaUA=="
    }
  }
}
